
Microsoft Visual Studio Solution File, Format Version 12.00
# Visual Studio Version 17
VisualStudioVersion = 17.5.33424.131
MinimumVisualStudioVersion = 10.0.40219.1
Project("{9A19103F-16F7-4668-BE54-9A1E7A4F7556}") = "RajvirServices", "RajvirServices.csproj", "{99288108-C794-4473-8EC4-B49C78117BC3}"
EndProject
Project("{FAE04EC0-301F-11D3-BF4B-00C04F79EFBC}") = "RajvirServicesAPITest", "..\RajvirServicesAPITest\RajvirServicesAPITest.csproj", "{9A108C3C-9505-4846-B00A-9E6E9FABBF5B}"
EndProject
Global
	GlobalSection(SolutionConfigurationPlatforms) = preSolution
		Debug|Any CPU = Debug|Any CPU
		Release|Any CPU = Release|Any CPU
	EndGlobalSection
	GlobalSection(ProjectConfigurationPlatforms) = postSolution
		{99288108-C794-4473-8EC4-B49C78117BC3}.Debug|Any CPU.ActiveCfg = Debug|Any CPU
		{99288108-C794-4473-8EC4-B49C78117BC3}.Debug|Any CPU.Build.0 = Debug|Any CPU
		{99288108-C794-4473-8EC4-B49C78117BC3}.Release|Any CPU.ActiveCfg = Release|Any CPU
		{99288108-C794-4473-8EC4-B49C78117BC3}.Release|Any CPU.Build.0 = Release|Any CPU
		{9A108C3C-9505-4846-B00A-9E6E9FABBF5B}.Debug|Any CPU.ActiveCfg = Debug|Any CPU
		{9A108C3C-9505-4846-B00A-9E6E9FABBF5B}.Debug|Any CPU.Build.0 = Debug|Any CPU
		{9A108C3C-9505-4846-B00A-9E6E9FABBF5B}.Release|Any CPU.ActiveCfg = Release|Any CPU
		{9A108C3C-9505-4846-B00A-9E6E9FABBF5B}.Release|Any CPU.Build.0 = Release|Any CPU
	EndGlobalSection
	GlobalSection(SolutionProperties) = preSolution
		HideSolutionNode = FALSE
	EndGlobalSection
	GlobalSection(ExtensibilityGlobals) = postSolution
		SolutionGuid = {A8D5158E-B253-4EB3-A114-E530E1C82894}
	EndGlobalSection
EndGlobal
